
Microsoft Visual Studio Solution File, Format Version 11.00
# Visual Studio 10
Project("{F184B08F-C81C-45F6-A57F-5ABD9991F28F}") = "Loops", "Loops.vbproj", "{8B2F3060-4DC7-4C5E-B848-487D2FB161AD}"
EndProject
Global
	GlobalSection(SolutionConfigurationPlatforms) = preSolution
		Debug|x86 = Debug|x86
		Release|x86 = Release|x86
	EndGlobalSection
	GlobalSection(ProjectConfigurationPlatforms) = postSolution
		{8B2F3060-4DC7-4C5E-B848-487D2FB161AD}.Debug|x86.ActiveCfg = Debug|x86
		{8B2F3060-4DC7-4C5E-B848-487D2FB161AD}.Debug|x86.Build.0 = Debug|x86
		{8B2F3060-4DC7-4C5E-B848-487D2FB161AD}.Release|x86.ActiveCfg = Release|x86
		{8B2F3060-4DC7-4C5E-B848-487D2FB161AD}.Release|x86.Build.0 = Release|x86
	EndGlobalSection
	GlobalSection(SolutionProperties) = preSolution
		HideSolutionNode = FALSE
	EndGlobalSection
EndGlobal
